
Microsoft Visual Studio Solution File, Format Version 12.00
# Visual Studio 15
VisualStudioVersion = 15.0.27428.2043
MinimumVisualStudioVersion = 10.0.40219.1
Project("{FAE04EC0-301F-11D3-BF4B-00C04F79EFBC}") = "PET", "PET\PET.csproj", "{AF71FC20-56D7-41AF-BBAE-85DD307EFEFF}"
EndProject
Project("{FAE04EC0-301F-11D3-BF4B-00C04F79EFBC}") = "ActiveDirectoryUtilityLibrary", "ActiveDirectoryUtilityLibrary\ActiveDirectoryUtilityLibrary.csproj", "{ED3273A5-4B92-4B53-A29C-EA717D465E64}"
EndProject
Project("{54435603-DBB4-11D2-8724-00A0C9A8B90C}") = "Password Expiry Tray Setup", "Password Expiry Tray Setup\Password Expiry Tray Setup.vdproj", "{9E07EF11-683D-4E3D-BD12-0A10917FECEB}"
EndProject
Project("{2150E333-8FDC-42A3-9474-1A3956D46DE8}") = "Solution Items", "Solution Items", "{B536DB55-01F5-4D90-84BD-E2FF3053D540}"
	ProjectSection(SolutionItems) = preProject
		README.md = README.md
	EndProjectSection
EndProject
Global
	GlobalSection(SolutionConfigurationPlatforms) = preSolution
		Debug|Any CPU = Debug|Any CPU
		Debug|x64 = Debug|x64
		Release|Any CPU = Release|Any CPU
		Release|x64 = Release|x64
	EndGlobalSection
	GlobalSection(ProjectConfigurationPlatforms) = postSolution
		{AF71FC20-56D7-41AF-BBAE-85DD307EFEFF}.Debug|Any CPU.ActiveCfg = Debug|Any CPU
		{AF71FC20-56D7-41AF-BBAE-85DD307EFEFF}.Debug|Any CPU.Build.0 = Debug|Any CPU
		{AF71FC20-56D7-41AF-BBAE-85DD307EFEFF}.Debug|x64.ActiveCfg = Debug|Any CPU
		{AF71FC20-56D7-41AF-BBAE-85DD307EFEFF}.Debug|x64.Build.0 = Debug|Any CPU
		{AF71FC20-56D7-41AF-BBAE-85DD307EFEFF}.Release|Any CPU.ActiveCfg = Release|Any CPU
		{AF71FC20-56D7-41AF-BBAE-85DD307EFEFF}.Release|Any CPU.Build.0 = Release|Any CPU
		{AF71FC20-56D7-41AF-BBAE-85DD307EFEFF}.Release|x64.ActiveCfg = Release|Any CPU
		{AF71FC20-56D7-41AF-BBAE-85DD307EFEFF}.Release|x64.Build.0 = Release|Any CPU
		{ED3273A5-4B92-4B53-A29C-EA717D465E64}.Debug|Any CPU.ActiveCfg = Debug|Any CPU
		{ED3273A5-4B92-4B53-A29C-EA717D465E64}.Debug|Any CPU.Build.0 = Debug|Any CPU
		{ED3273A5-4B92-4B53-A29C-EA717D465E64}.Debug|x64.ActiveCfg = Debug|Any CPU
		{ED3273A5-4B92-4B53-A29C-EA717D465E64}.Debug|x64.Build.0 = Debug|Any CPU
		{ED3273A5-4B92-4B53-A29C-EA717D465E64}.Release|Any CPU.ActiveCfg = Release|Any CPU
		{ED3273A5-4B92-4B53-A29C-EA717D465E64}.Release|Any CPU.Build.0 = Release|Any CPU
		{ED3273A5-4B92-4B53-A29C-EA717D465E64}.Release|x64.ActiveCfg = Release|Any CPU
		{ED3273A5-4B92-4B53-A29C-EA717D465E64}.Release|x64.Build.0 = Release|Any CPU
		{9E07EF11-683D-4E3D-BD12-0A10917FECEB}.Debug|Any CPU.ActiveCfg = Debug
		{9E07EF11-683D-4E3D-BD12-0A10917FECEB}.Debug|x64.ActiveCfg = Debug
		{9E07EF11-683D-4E3D-BD12-0A10917FECEB}.Release|Any CPU.ActiveCfg = Release
		{9E07EF11-683D-4E3D-BD12-0A10917FECEB}.Release|x64.ActiveCfg = Release
	EndGlobalSection
	GlobalSection(SolutionProperties) = preSolution
		HideSolutionNode = FALSE
	EndGlobalSection
	GlobalSection(ExtensibilityGlobals) = postSolution
		SolutionGuid = {607AA283-03D5-4586-AF21-BD527D504646}
	EndGlobalSection
EndGlobal
